
Microsoft Visual Studio Solution File, Format Version 12.00
# Visual Studio Version 17
VisualStudioVersion = 17.0.31903.59
MinimumVisualStudioVersion = 10.0.40219.1
Project("{FAE04EC0-301F-11D3-BF4B-00C04F79EFBC}") = "furni.Application", "furni.Application\furni.Application.csproj", "{426FF0F0-FC1E-4DF3-B699-FF3B9923D333}"
EndProject
Project("{FAE04EC0-301F-11D3-BF4B-00C04F79EFBC}") = "furni.Domain", "furni.Domain\furni.Domain.csproj", "{48F3E140-3DF3-41BE-B84A-63E544CB1E79}"
EndProject
Project("{FAE04EC0-301F-11D3-BF4B-00C04F79EFBC}") = "furni.Infrastructure", "furni.Infrastructure\furni.Infrastructure.csproj", "{46F9CF74-564F-4A60-8773-495F3D73BD3C}"
EndProject
Project("{FAE04EC0-301F-11D3-BF4B-00C04F79EFBC}") = "furni.Presentation", "furni.Presentation\furni.Presentation.csproj", "{B1B4B7F7-3A44-4BF2-8214-00674F3CF02C}"
EndProject
Global
	GlobalSection(SolutionConfigurationPlatforms) = preSolution
		Debug|Any CPU = Debug|Any CPU
		Release|Any CPU = Release|Any CPU
	EndGlobalSection
	GlobalSection(ProjectConfigurationPlatforms) = postSolution
		{AE8B276B-0D1D-4D3E-BCE1-698A8DC3EC9C}.Debug|Any CPU.ActiveCfg = Debug|Any CPU
		{AE8B276B-0D1D-4D3E-BCE1-698A8DC3EC9C}.Debug|Any CPU.Build.0 = Debug|Any CPU
		{AE8B276B-0D1D-4D3E-BCE1-698A8DC3EC9C}.Release|Any CPU.ActiveCfg = Release|Any CPU
		{AE8B276B-0D1D-4D3E-BCE1-698A8DC3EC9C}.Release|Any CPU.Build.0 = Release|Any CPU
		{426FF0F0-FC1E-4DF3-B699-FF3B9923D333}.Debug|Any CPU.ActiveCfg = Debug|Any CPU
		{426FF0F0-FC1E-4DF3-B699-FF3B9923D333}.Debug|Any CPU.Build.0 = Debug|Any CPU
		{426FF0F0-FC1E-4DF3-B699-FF3B9923D333}.Release|Any CPU.ActiveCfg = Release|Any CPU
		{426FF0F0-FC1E-4DF3-B699-FF3B9923D333}.Release|Any CPU.Build.0 = Release|Any CPU
		{48F3E140-3DF3-41BE-B84A-63E544CB1E79}.Debug|Any CPU.ActiveCfg = Debug|Any CPU
		{48F3E140-3DF3-41BE-B84A-63E544CB1E79}.Debug|Any CPU.Build.0 = Debug|Any CPU
		{48F3E140-3DF3-41BE-B84A-63E544CB1E79}.Release|Any CPU.ActiveCfg = Release|Any CPU
		{48F3E140-3DF3-41BE-B84A-63E544CB1E79}.Release|Any CPU.Build.0 = Release|Any CPU
		{46F9CF74-564F-4A60-8773-495F3D73BD3C}.Debug|Any CPU.ActiveCfg = Debug|Any CPU
		{46F9CF74-564F-4A60-8773-495F3D73BD3C}.Debug|Any CPU.Build.0 = Debug|Any CPU
		{46F9CF74-564F-4A60-8773-495F3D73BD3C}.Release|Any CPU.ActiveCfg = Release|Any CPU
		{46F9CF74-564F-4A60-8773-495F3D73BD3C}.Release|Any CPU.Build.0 = Release|Any CPU
		{B1B4B7F7-3A44-4BF2-8214-00674F3CF02C}.Debug|Any CPU.ActiveCfg = Debug|Any CPU
		{B1B4B7F7-3A44-4BF2-8214-00674F3CF02C}.Debug|Any CPU.Build.0 = Debug|Any CPU
		{B1B4B7F7-3A44-4BF2-8214-00674F3CF02C}.Release|Any CPU.ActiveCfg = Release|Any CPU
		{B1B4B7F7-3A44-4BF2-8214-00674F3CF02C}.Release|Any CPU.Build.0 = Release|Any CPU
	EndGlobalSection
	GlobalSection(SolutionProperties) = preSolution
		HideSolutionNode = FALSE
	EndGlobalSection
EndGlobal
