
Microsoft Visual Studio Solution File, Format Version 12.00
# Visual Studio Version 17
VisualStudioVersion = 17.11.35222.181
MinimumVisualStudioVersion = 10.0.40219.1
Project("{9A19103F-16F7-4668-BE54-9A1E7A4F7556}") = "Furni.Entities", "Furni.Entities\Furni.Entities.csproj", "{8E819388-163F-4FF0-9C0A-733DFEF3F054}"
EndProject
Project("{9A19103F-16F7-4668-BE54-9A1E7A4F7556}") = "Furni.Data", "Furni.Data\Furni.Data.csproj", "{66E0FB7F-F083-40B1-915E-AB0BC689EFF6}"
EndProject
Project("{9A19103F-16F7-4668-BE54-9A1E7A4F7556}") = "Furni.Services", "Furni.Services\Furni.Services.csproj", "{BC44E527-23D6-4AB0-A4DD-22E574556F8A}"
EndProject
Project("{9A19103F-16F7-4668-BE54-9A1E7A4F7556}") = "Furni.API", "Furni.API\Furni.API.csproj", "{36DE9425-D20B-4243-840C-FA810F82B1B8}"
EndProject
Project("{9A19103F-16F7-4668-BE54-9A1E7A4F7556}") = "Furni.MVC.DemoServices", "Furni.MVC.DemoServices\Furni.MVC.DemoServices.csproj", "{AE61E830-ADD3-4E8B-BE78-90659D7BF6D3}"
EndProject
Project("{9A19103F-16F7-4668-BE54-9A1E7A4F7556}") = "Furni.MVC", "Furni.MVC\Furni.MVC.csproj", "{B7E0B554-EFBD-4222-8A98-DF46B65BCD7D}"
EndProject
Project("{FAE04EC0-301F-11D3-BF4B-00C04F79EFBC}") = "WebApplication1", "WebApplication1\WebApplication1.csproj", "{3C2F2818-E329-45A8-9016-A916D7CB8373}"
EndProject
Global
	GlobalSection(SolutionConfigurationPlatforms) = preSolution
		Debug|Any CPU = Debug|Any CPU
		Release|Any CPU = Release|Any CPU
	EndGlobalSection
	GlobalSection(ProjectConfigurationPlatforms) = postSolution
		{8E819388-163F-4FF0-9C0A-733DFEF3F054}.Debug|Any CPU.ActiveCfg = Debug|Any CPU
		{8E819388-163F-4FF0-9C0A-733DFEF3F054}.Debug|Any CPU.Build.0 = Debug|Any CPU
		{8E819388-163F-4FF0-9C0A-733DFEF3F054}.Release|Any CPU.ActiveCfg = Release|Any CPU
		{8E819388-163F-4FF0-9C0A-733DFEF3F054}.Release|Any CPU.Build.0 = Release|Any CPU
		{66E0FB7F-F083-40B1-915E-AB0BC689EFF6}.Debug|Any CPU.ActiveCfg = Debug|Any CPU
		{66E0FB7F-F083-40B1-915E-AB0BC689EFF6}.Debug|Any CPU.Build.0 = Debug|Any CPU
		{66E0FB7F-F083-40B1-915E-AB0BC689EFF6}.Release|Any CPU.ActiveCfg = Release|Any CPU
		{66E0FB7F-F083-40B1-915E-AB0BC689EFF6}.Release|Any CPU.Build.0 = Release|Any CPU
		{BC44E527-23D6-4AB0-A4DD-22E574556F8A}.Debug|Any CPU.ActiveCfg = Debug|Any CPU
		{BC44E527-23D6-4AB0-A4DD-22E574556F8A}.Debug|Any CPU.Build.0 = Debug|Any CPU
		{BC44E527-23D6-4AB0-A4DD-22E574556F8A}.Release|Any CPU.ActiveCfg = Release|Any CPU
		{BC44E527-23D6-4AB0-A4DD-22E574556F8A}.Release|Any CPU.Build.0 = Release|Any CPU
		{36DE9425-D20B-4243-840C-FA810F82B1B8}.Debug|Any CPU.ActiveCfg = Debug|Any CPU
		{36DE9425-D20B-4243-840C-FA810F82B1B8}.Debug|Any CPU.Build.0 = Debug|Any CPU
		{36DE9425-D20B-4243-840C-FA810F82B1B8}.Release|Any CPU.ActiveCfg = Release|Any CPU
		{36DE9425-D20B-4243-840C-FA810F82B1B8}.Release|Any CPU.Build.0 = Release|Any CPU
		{AE61E830-ADD3-4E8B-BE78-90659D7BF6D3}.Debug|Any CPU.ActiveCfg = Debug|Any CPU
		{AE61E830-ADD3-4E8B-BE78-90659D7BF6D3}.Debug|Any CPU.Build.0 = Debug|Any CPU
		{AE61E830-ADD3-4E8B-BE78-90659D7BF6D3}.Release|Any CPU.ActiveCfg = Release|Any CPU
		{AE61E830-ADD3-4E8B-BE78-90659D7BF6D3}.Release|Any CPU.Build.0 = Release|Any CPU
		{B7E0B554-EFBD-4222-8A98-DF46B65BCD7D}.Debug|Any CPU.ActiveCfg = Debug|Any CPU
		{B7E0B554-EFBD-4222-8A98-DF46B65BCD7D}.Debug|Any CPU.Build.0 = Debug|Any CPU
		{B7E0B554-EFBD-4222-8A98-DF46B65BCD7D}.Release|Any CPU.ActiveCfg = Release|Any CPU
		{B7E0B554-EFBD-4222-8A98-DF46B65BCD7D}.Release|Any CPU.Build.0 = Release|Any CPU
		{3C2F2818-E329-45A8-9016-A916D7CB8373}.Debug|Any CPU.ActiveCfg = Debug|Any CPU
		{3C2F2818-E329-45A8-9016-A916D7CB8373}.Debug|Any CPU.Build.0 = Debug|Any CPU
		{3C2F2818-E329-45A8-9016-A916D7CB8373}.Release|Any CPU.ActiveCfg = Release|Any CPU
		{3C2F2818-E329-45A8-9016-A916D7CB8373}.Release|Any CPU.Build.0 = Release|Any CPU
	EndGlobalSection
	GlobalSection(SolutionProperties) = preSolution
		HideSolutionNode = FALSE
	EndGlobalSection
	GlobalSection(ExtensibilityGlobals) = postSolution
		SolutionGuid = {105EB535-E022-4907-BD60-D0C3D9C2FD52}
	EndGlobalSection
EndGlobal
